
Microsoft Visual Studio Solution File, Format Version 12.00
# Visual Studio 15
VisualStudioVersion = 15.0.28307.168
MinimumVisualStudioVersion = 10.0.40219.1
Project("{FAE04EC0-301F-11D3-BF4B-00C04F79EFBC}") = "BookStore", "BookStore\BookStore.csproj", "{7FD36654-68B8-4565-B717-CAF41AB08310}"
EndProject
Project("{FAE04EC0-301F-11D3-BF4B-00C04F79EFBC}") = "BookStore.Tests", "BookStore.Tests\BookStore.Tests.csproj", "{88BE678E-208F-4DB8-A415-0FA39BB5E527}"
EndProject
Global
	GlobalSection(SolutionConfigurationPlatforms) = preSolution
		Debug|Any CPU = Debug|Any CPU
		Release|Any CPU = Release|Any CPU
	EndGlobalSection
	GlobalSection(ProjectConfigurationPlatforms) = postSolution
		{7FD36654-68B8-4565-B717-CAF41AB08310}.Debug|Any CPU.ActiveCfg = Debug|Any CPU
		{7FD36654-68B8-4565-B717-CAF41AB08310}.Debug|Any CPU.Build.0 = Debug|Any CPU
		{7FD36654-68B8-4565-B717-CAF41AB08310}.Release|Any CPU.ActiveCfg = Release|Any CPU
		{7FD36654-68B8-4565-B717-CAF41AB08310}.Release|Any CPU.Build.0 = Release|Any CPU
		{88BE678E-208F-4DB8-A415-0FA39BB5E527}.Debug|Any CPU.ActiveCfg = Debug|Any CPU
		{88BE678E-208F-4DB8-A415-0FA39BB5E527}.Debug|Any CPU.Build.0 = Debug|Any CPU
		{88BE678E-208F-4DB8-A415-0FA39BB5E527}.Release|Any CPU.ActiveCfg = Release|Any CPU
		{88BE678E-208F-4DB8-A415-0FA39BB5E527}.Release|Any CPU.Build.0 = Release|Any CPU
	EndGlobalSection
	GlobalSection(SolutionProperties) = preSolution
		HideSolutionNode = FALSE
	EndGlobalSection
	GlobalSection(ExtensibilityGlobals) = postSolution
		SolutionGuid = {8BD7D83A-E15D-481F-BB5A-FC9F133E873C}
	EndGlobalSection
EndGlobal
